{
  "requires": true,
  "lockfileVersion": 1,
  "dependencies": {
    "bootstrap": {
      "version": "4.1.3",
      "resolved": "https://registry.npmjs.org/bootstrap/-/bootstrap-4.1.3.tgz",
      "integrity": "sha512-rDFIzgXcof0jDyjNosjv4Sno77X4KuPeFxG2XZZv1/Kc8DRVGVADdoQyyOVDwPqL36DDmtCQbrpMCqvpPLJQ0w=="
    },
    "jquery-touchswipe": {
      "version": "1.6.19",
      "resolved": "https://registry.npmjs.org/jquery-touchswipe/-/jquery-touchswipe-1.6.19.tgz",
      "integrity": "sha512-b0BGje9reNRU3u6ksAK9QqnX7yBRgLNe/wYG7DOfyDlhBlYjayIT8bSOHmcuvptIDW/ubM9CTW/mnZf9Rohuow=="
    }
  }
}
